{
  "requires": true,
  "lockfileVersion": 1,
  "dependencies": {
    "@types/angular": {
      "version": "1.6.45",
      "resolved": "https://registry.npmjs.org/@types/angular/-/angular-1.6.45.tgz",
      "integrity": "sha512-eXm3F/z2j8lVq7yBLL2G8QAygzYAboIJbJ46g26t71hgPtlxV9ibEJIBNj4KxCIZf7DcQo/KSnqaQ/0D9Rx2GA=="
    },
    "@types/angular-local-storage": {
      "version": "0.6.0",
      "resolved": "https://registry.npmjs.org/@types/angular-local-storage/-/angular-local-storage-0.6.0.tgz",
      "integrity": "sha512-yW8BoEGraQI2OM35gRBgUgqIOMCMU39GsiRq5968nBf4hoeErt3XemuV/csrtOm1AsoPcMZlbtn9J/1N8AiZpA==",
      "requires": {
        "@types/angular": "1.6.45"
      }
    }
  }
}
